
Microsoft Visual Studio Solution File, Format Version 12.00
# Visual Studio Version 17
VisualStudioVersion = 17.1.32319.34
MinimumVisualStudioVersion = 10.0.40219.1
Project("{FAE04EC0-301F-11D3-BF4B-00C04F79EFBC}") = "DO WHILE", "DO WHILE.csproj", "{912164E8-2FEC-4FBA-B590-900B83658D15}"
EndProject
Global
	GlobalSection(SolutionConfigurationPlatforms) = preSolution
		Debug|Any CPU = Debug|Any CPU
		Release|Any CPU = Release|Any CPU
	EndGlobalSection
	GlobalSection(ProjectConfigurationPlatforms) = postSolution
		{912164E8-2FEC-4FBA-B590-900B83658D15}.Debug|Any CPU.ActiveCfg = Debug|Any CPU
		{912164E8-2FEC-4FBA-B590-900B83658D15}.Debug|Any CPU.Build.0 = Debug|Any CPU
		{912164E8-2FEC-4FBA-B590-900B83658D15}.Release|Any CPU.ActiveCfg = Release|Any CPU
		{912164E8-2FEC-4FBA-B590-900B83658D15}.Release|Any CPU.Build.0 = Release|Any CPU
	EndGlobalSection
	GlobalSection(SolutionProperties) = preSolution
		HideSolutionNode = FALSE
	EndGlobalSection
	GlobalSection(ExtensibilityGlobals) = postSolution
		SolutionGuid = {103610DF-2A72-4C98-93D3-A6690A37C6E2}
	EndGlobalSection
EndGlobal
